
Microsoft Visual Studio Solution File, Format Version 12.00
# Visual Studio 15
VisualStudioVersion = 15.0.27703.2026
MinimumVisualStudioVersion = 10.0.40219.1
Project("{FAE04EC0-301F-11D3-BF4B-00C04F79EFBC}") = "QuickSort", "QuickSort\QuickSort.csproj", "{8F2E00AB-722D-4F8D-8337-D8B685E3DEF2}"
EndProject
Global
	GlobalSection(SolutionConfigurationPlatforms) = preSolution
		Debug|Any CPU = Debug|Any CPU
		Release|Any CPU = Release|Any CPU
	EndGlobalSection
	GlobalSection(ProjectConfigurationPlatforms) = postSolution
		{8F2E00AB-722D-4F8D-8337-D8B685E3DEF2}.Debug|Any CPU.ActiveCfg = Debug|Any CPU
		{8F2E00AB-722D-4F8D-8337-D8B685E3DEF2}.Debug|Any CPU.Build.0 = Debug|Any CPU
		{8F2E00AB-722D-4F8D-8337-D8B685E3DEF2}.Release|Any CPU.ActiveCfg = Release|Any CPU
		{8F2E00AB-722D-4F8D-8337-D8B685E3DEF2}.Release|Any CPU.Build.0 = Release|Any CPU
	EndGlobalSection
	GlobalSection(SolutionProperties) = preSolution
		HideSolutionNode = FALSE
	EndGlobalSection
	GlobalSection(ExtensibilityGlobals) = postSolution
		SolutionGuid = {2906187E-6D82-4B34-823D-D4056F172263}
	EndGlobalSection
EndGlobal
