
Microsoft Visual Studio Solution File, Format Version 12.00
# Visual Studio 15
VisualStudioVersion = 15.0.27130.2027
MinimumVisualStudioVersion = 10.0.40219.1
Project("{FAE04EC0-301F-11D3-BF4B-00C04F79EFBC}") = "Practica_2ejercicio", "Practica_2ejercicio\Practica_2ejercicio.csproj", "{B54DA576-FA38-4388-9053-D41DAEDB1020}"
EndProject
Global
	GlobalSection(SolutionConfigurationPlatforms) = preSolution
		Debug|Any CPU = Debug|Any CPU
		Release|Any CPU = Release|Any CPU
	EndGlobalSection
	GlobalSection(ProjectConfigurationPlatforms) = postSolution
		{B54DA576-FA38-4388-9053-D41DAEDB1020}.Debug|Any CPU.ActiveCfg = Debug|Any CPU
		{B54DA576-FA38-4388-9053-D41DAEDB1020}.Debug|Any CPU.Build.0 = Debug|Any CPU
		{B54DA576-FA38-4388-9053-D41DAEDB1020}.Release|Any CPU.ActiveCfg = Release|Any CPU
		{B54DA576-FA38-4388-9053-D41DAEDB1020}.Release|Any CPU.Build.0 = Release|Any CPU
	EndGlobalSection
	GlobalSection(SolutionProperties) = preSolution
		HideSolutionNode = FALSE
	EndGlobalSection
	GlobalSection(ExtensibilityGlobals) = postSolution
		SolutionGuid = {33E82D72-1FAB-4C73-AE4D-B3E46A141EA8}
	EndGlobalSection
EndGlobal
