
Microsoft Visual Studio Solution File, Format Version 12.00
# Visual Studio 15
VisualStudioVersion = 15.0.27703.2026
MinimumVisualStudioVersion = 10.0.40219.1
Project("{FAE04EC0-301F-11D3-BF4B-00C04F79EFBC}") = "Serie_Finnacci", "Serie_Finnacci\Serie_Finnacci.csproj", "{DD801D9F-D58C-416C-9101-74CF062B8DCA}"
EndProject
Global
	GlobalSection(SolutionConfigurationPlatforms) = preSolution
		Debug|Any CPU = Debug|Any CPU
		Release|Any CPU = Release|Any CPU
	EndGlobalSection
	GlobalSection(ProjectConfigurationPlatforms) = postSolution
		{DD801D9F-D58C-416C-9101-74CF062B8DCA}.Debug|Any CPU.ActiveCfg = Debug|Any CPU
		{DD801D9F-D58C-416C-9101-74CF062B8DCA}.Debug|Any CPU.Build.0 = Debug|Any CPU
		{DD801D9F-D58C-416C-9101-74CF062B8DCA}.Release|Any CPU.ActiveCfg = Release|Any CPU
		{DD801D9F-D58C-416C-9101-74CF062B8DCA}.Release|Any CPU.Build.0 = Release|Any CPU
	EndGlobalSection
	GlobalSection(SolutionProperties) = preSolution
		HideSolutionNode = FALSE
	EndGlobalSection
	GlobalSection(ExtensibilityGlobals) = postSolution
		SolutionGuid = {8A2D82CB-F357-4D45-B777-23D4CBA9B72C}
	EndGlobalSection
EndGlobal
