
Microsoft Visual Studio Solution File, Format Version 12.00
# Visual Studio 15
VisualStudioVersion = 15.0.27130.2027
MinimumVisualStudioVersion = 10.0.40219.1
Project("{FAE04EC0-301F-11D3-BF4B-00C04F79EFBC}") = "Ejercicio 3", "Ejercicio 3\Ejercicio 3.csproj", "{7704CCCE-705C-45CE-A03C-B299E63FD55E}"
EndProject
Global
	GlobalSection(SolutionConfigurationPlatforms) = preSolution
		Debug|Any CPU = Debug|Any CPU
		Release|Any CPU = Release|Any CPU
	EndGlobalSection
	GlobalSection(ProjectConfigurationPlatforms) = postSolution
		{7704CCCE-705C-45CE-A03C-B299E63FD55E}.Debug|Any CPU.ActiveCfg = Debug|Any CPU
		{7704CCCE-705C-45CE-A03C-B299E63FD55E}.Debug|Any CPU.Build.0 = Debug|Any CPU
		{7704CCCE-705C-45CE-A03C-B299E63FD55E}.Release|Any CPU.ActiveCfg = Release|Any CPU
		{7704CCCE-705C-45CE-A03C-B299E63FD55E}.Release|Any CPU.Build.0 = Release|Any CPU
	EndGlobalSection
	GlobalSection(SolutionProperties) = preSolution
		HideSolutionNode = FALSE
	EndGlobalSection
	GlobalSection(ExtensibilityGlobals) = postSolution
		SolutionGuid = {FC2C2BD8-A417-4115-9CF6-963AA18794FE}
	EndGlobalSection
EndGlobal
