
Microsoft Visual Studio Solution File, Format Version 12.00
# Visual Studio 15
VisualStudioVersion = 15.0.27130.2027
MinimumVisualStudioVersion = 10.0.40219.1
Project("{FAE04EC0-301F-11D3-BF4B-00C04F79EFBC}") = "Interfaces", "Edu.Uninpahu.Associate.Polimorfismo\Interfaces.csproj", "{621D5E49-1D81-4274-91F7-70B7EFE5ACCC}"
EndProject
Global
	GlobalSection(SolutionConfigurationPlatforms) = preSolution
		Debug|Any CPU = Debug|Any CPU
		Release|Any CPU = Release|Any CPU
	EndGlobalSection
	GlobalSection(ProjectConfigurationPlatforms) = postSolution
		{621D5E49-1D81-4274-91F7-70B7EFE5ACCC}.Debug|Any CPU.ActiveCfg = Debug|Any CPU
		{621D5E49-1D81-4274-91F7-70B7EFE5ACCC}.Debug|Any CPU.Build.0 = Debug|Any CPU
		{621D5E49-1D81-4274-91F7-70B7EFE5ACCC}.Release|Any CPU.ActiveCfg = Release|Any CPU
		{621D5E49-1D81-4274-91F7-70B7EFE5ACCC}.Release|Any CPU.Build.0 = Release|Any CPU
	EndGlobalSection
	GlobalSection(SolutionProperties) = preSolution
		HideSolutionNode = FALSE
	EndGlobalSection
	GlobalSection(ExtensibilityGlobals) = postSolution
		SolutionGuid = {A44D64D5-1CB6-42B7-853D-0CA7B2751FFB}
	EndGlobalSection
EndGlobal
