
Microsoft Visual Studio Solution File, Format Version 12.00
# Visual Studio 15
VisualStudioVersion = 15.0.27703.2026
MinimumVisualStudioVersion = 10.0.40219.1
Project("{FAE04EC0-301F-11D3-BF4B-00C04F79EFBC}") = "TorreHanoi", "TorreHanoi\TorreHanoi.csproj", "{0C2F9045-428B-48FE-8220-EA3C014FB62D}"
EndProject
Global
	GlobalSection(SolutionConfigurationPlatforms) = preSolution
		Debug|Any CPU = Debug|Any CPU
		Release|Any CPU = Release|Any CPU
	EndGlobalSection
	GlobalSection(ProjectConfigurationPlatforms) = postSolution
		{0C2F9045-428B-48FE-8220-EA3C014FB62D}.Debug|Any CPU.ActiveCfg = Debug|Any CPU
		{0C2F9045-428B-48FE-8220-EA3C014FB62D}.Debug|Any CPU.Build.0 = Debug|Any CPU
		{0C2F9045-428B-48FE-8220-EA3C014FB62D}.Release|Any CPU.ActiveCfg = Release|Any CPU
		{0C2F9045-428B-48FE-8220-EA3C014FB62D}.Release|Any CPU.Build.0 = Release|Any CPU
	EndGlobalSection
	GlobalSection(SolutionProperties) = preSolution
		HideSolutionNode = FALSE
	EndGlobalSection
	GlobalSection(ExtensibilityGlobals) = postSolution
		SolutionGuid = {9097A921-6182-49EF-8FE4-761A86AEB22F}
	EndGlobalSection
EndGlobal
